
Microsoft Visual Studio Solution File, Format Version 12.00
# Visual Studio 15
VisualStudioVersion = 15.0.27428.2043
MinimumVisualStudioVersion = 10.0.40219.1
Project("{FAE04EC0-301F-11D3-BF4B-00C04F79EFBC}") = "PriceScrapper", "PriceScrapper\PriceScrapper.csproj", "{7C81F97D-2C5A-488B-BD62-4C54A6986B1C}"
EndProject
Project("{FAE04EC0-301F-11D3-BF4B-00C04F79EFBC}") = "HemnetSlutPricer", "HemnetSlutPricer\HemnetSlutPricer.csproj", "{122EFE75-A949-4360-A4FF-3098188DF25A}"
EndProject
Global
	GlobalSection(SolutionConfigurationPlatforms) = preSolution
		Debug|Any CPU = Debug|Any CPU
		Release|Any CPU = Release|Any CPU
	EndGlobalSection
	GlobalSection(ProjectConfigurationPlatforms) = postSolution
		{7C81F97D-2C5A-488B-BD62-4C54A6986B1C}.Debug|Any CPU.ActiveCfg = Debug|Any CPU
		{7C81F97D-2C5A-488B-BD62-4C54A6986B1C}.Debug|Any CPU.Build.0 = Debug|Any CPU
		{7C81F97D-2C5A-488B-BD62-4C54A6986B1C}.Release|Any CPU.ActiveCfg = Release|Any CPU
		{7C81F97D-2C5A-488B-BD62-4C54A6986B1C}.Release|Any CPU.Build.0 = Release|Any CPU
		{122EFE75-A949-4360-A4FF-3098188DF25A}.Debug|Any CPU.ActiveCfg = Debug|Any CPU
		{122EFE75-A949-4360-A4FF-3098188DF25A}.Debug|Any CPU.Build.0 = Debug|Any CPU
		{122EFE75-A949-4360-A4FF-3098188DF25A}.Release|Any CPU.ActiveCfg = Release|Any CPU
		{122EFE75-A949-4360-A4FF-3098188DF25A}.Release|Any CPU.Build.0 = Release|Any CPU
	EndGlobalSection
	GlobalSection(SolutionProperties) = preSolution
		HideSolutionNode = FALSE
	EndGlobalSection
	GlobalSection(ExtensibilityGlobals) = postSolution
		SolutionGuid = {99E68384-FF40-4BAA-9D7B-A2D24A1CCDF7}
	EndGlobalSection
EndGlobal
